
Microsoft Visual Studio Solution File, Format Version 12.00
# Visual Studio Version 17
VisualStudioVersion = 17.0.32126.317
MinimumVisualStudioVersion = 10.0.40219.1
Project("{9A19103F-16F7-4668-BE54-9A1E7A4F7556}") = "Exercise1", "Exercise1\Exercise1.csproj", "{D7CDD1B4-4FD3-4287-AF38-A4D747138128}"
EndProject
Project("{9A19103F-16F7-4668-BE54-9A1E7A4F7556}") = "Exercise2", "Exercise2\Exercise2.csproj", "{E558B816-9610-4C88-AA55-84135030D744}"
EndProject
Project("{9A19103F-16F7-4668-BE54-9A1E7A4F7556}") = "Exercise3", "Exercise3\Exercise3.csproj", "{AE498691-2FEF-4721-85E1-0CF301A84CF6}"
EndProject
Project("{9A19103F-16F7-4668-BE54-9A1E7A4F7556}") = "Exercise4", "Exercise4\Exercise4.csproj", "{9704B560-F406-4C9F-B45D-FD66C854B5AC}"
EndProject
Project("{9A19103F-16F7-4668-BE54-9A1E7A4F7556}") = "Exercise5", "Exercise5\Exercise5.csproj", "{10ACB2E8-B7AE-4265-A523-F77FEF839E6D}"
EndProject
Project("{9A19103F-16F7-4668-BE54-9A1E7A4F7556}") = "Exercise7", "Exercise7\Exercise7.csproj", "{DDB78BC8-7406-477D-A190-0244F2040466}"
EndProject
Project("{9A19103F-16F7-4668-BE54-9A1E7A4F7556}") = "Exercise8", "Exercise8\Exercise8.csproj", "{D4F90F82-6F64-47E4-A4C1-E8B5923FA005}"
EndProject
Project("{9A19103F-16F7-4668-BE54-9A1E7A4F7556}") = "Exercise10", "Exercise10\Exercise10.csproj", "{4A181F5B-6D7A-4530-9404-5574A0AF218F}"
EndProject
Project("{9A19103F-16F7-4668-BE54-9A1E7A4F7556}") = "Exercise12", "Exercise12\Exercise12.csproj", "{B1E9C160-1976-47C1-947B-45D197444D3A}"
EndProject
Project("{9A19103F-16F7-4668-BE54-9A1E7A4F7556}") = "Exercise19", "Exercise19\Exercise19.csproj", "{0292A1BD-5D8C-41DC-A367-FF7F747BD8A0}"
EndProject
Project("{9A19103F-16F7-4668-BE54-9A1E7A4F7556}") = "Exercise6", "Exercise6\Exercise6.csproj", "{87E2C8A3-A355-45FA-A8C6-B2E38EE16C02}"
EndProject
Project("{9A19103F-16F7-4668-BE54-9A1E7A4F7556}") = "Exercise11", "Exercise11\Exercise11.csproj", "{483D2052-B06D-44FE-98F0-4CC7C767B132}"
EndProject
Project("{9A19103F-16F7-4668-BE54-9A1E7A4F7556}") = "Exercise13", "Exercise13\Exercise13.csproj", "{A861D131-B6AF-496D-9545-DB561E276E59}"
EndProject
Project("{FAE04EC0-301F-11D3-BF4B-00C04F79EFBC}") = "Exercise15", "Exercise15\Exercise15.csproj", "{B1A0D94B-3373-4883-BA19-1208E4924988}"
EndProject
Global
	GlobalSection(SolutionConfigurationPlatforms) = preSolution
		Debug|Any CPU = Debug|Any CPU
		Release|Any CPU = Release|Any CPU
	EndGlobalSection
	GlobalSection(ProjectConfigurationPlatforms) = postSolution
		{D7CDD1B4-4FD3-4287-AF38-A4D747138128}.Debug|Any CPU.ActiveCfg = Debug|Any CPU
		{D7CDD1B4-4FD3-4287-AF38-A4D747138128}.Debug|Any CPU.Build.0 = Debug|Any CPU
		{D7CDD1B4-4FD3-4287-AF38-A4D747138128}.Release|Any CPU.ActiveCfg = Release|Any CPU
		{D7CDD1B4-4FD3-4287-AF38-A4D747138128}.Release|Any CPU.Build.0 = Release|Any CPU
		{E558B816-9610-4C88-AA55-84135030D744}.Debug|Any CPU.ActiveCfg = Debug|Any CPU
		{E558B816-9610-4C88-AA55-84135030D744}.Debug|Any CPU.Build.0 = Debug|Any CPU
		{E558B816-9610-4C88-AA55-84135030D744}.Release|Any CPU.ActiveCfg = Release|Any CPU
		{E558B816-9610-4C88-AA55-84135030D744}.Release|Any CPU.Build.0 = Release|Any CPU
		{AE498691-2FEF-4721-85E1-0CF301A84CF6}.Debug|Any CPU.ActiveCfg = Debug|Any CPU
		{AE498691-2FEF-4721-85E1-0CF301A84CF6}.Debug|Any CPU.Build.0 = Debug|Any CPU
		{AE498691-2FEF-4721-85E1-0CF301A84CF6}.Release|Any CPU.ActiveCfg = Release|Any CPU
		{AE498691-2FEF-4721-85E1-0CF301A84CF6}.Release|Any CPU.Build.0 = Release|Any CPU
		{9704B560-F406-4C9F-B45D-FD66C854B5AC}.Debug|Any CPU.ActiveCfg = Debug|Any CPU
		{9704B560-F406-4C9F-B45D-FD66C854B5AC}.Debug|Any CPU.Build.0 = Debug|Any CPU
		{9704B560-F406-4C9F-B45D-FD66C854B5AC}.Release|Any CPU.ActiveCfg = Release|Any CPU
		{9704B560-F406-4C9F-B45D-FD66C854B5AC}.Release|Any CPU.Build.0 = Release|Any CPU
		{10ACB2E8-B7AE-4265-A523-F77FEF839E6D}.Debug|Any CPU.ActiveCfg = Debug|Any CPU
		{10ACB2E8-B7AE-4265-A523-F77FEF839E6D}.Debug|Any CPU.Build.0 = Debug|Any CPU
		{10ACB2E8-B7AE-4265-A523-F77FEF839E6D}.Release|Any CPU.ActiveCfg = Release|Any CPU
		{10ACB2E8-B7AE-4265-A523-F77FEF839E6D}.Release|Any CPU.Build.0 = Release|Any CPU
		{DDB78BC8-7406-477D-A190-0244F2040466}.Debug|Any CPU.ActiveCfg = Debug|Any CPU
		{DDB78BC8-7406-477D-A190-0244F2040466}.Debug|Any CPU.Build.0 = Debug|Any CPU
		{DDB78BC8-7406-477D-A190-0244F2040466}.Release|Any CPU.ActiveCfg = Release|Any CPU
		{DDB78BC8-7406-477D-A190-0244F2040466}.Release|Any CPU.Build.0 = Release|Any CPU
		{D4F90F82-6F64-47E4-A4C1-E8B5923FA005}.Debug|Any CPU.ActiveCfg = Debug|Any CPU
		{D4F90F82-6F64-47E4-A4C1-E8B5923FA005}.Debug|Any CPU.Build.0 = Debug|Any CPU
		{D4F90F82-6F64-47E4-A4C1-E8B5923FA005}.Release|Any CPU.ActiveCfg = Release|Any CPU
		{D4F90F82-6F64-47E4-A4C1-E8B5923FA005}.Release|Any CPU.Build.0 = Release|Any CPU
		{4A181F5B-6D7A-4530-9404-5574A0AF218F}.Debug|Any CPU.ActiveCfg = Debug|Any CPU
		{4A181F5B-6D7A-4530-9404-5574A0AF218F}.Debug|Any CPU.Build.0 = Debug|Any CPU
		{4A181F5B-6D7A-4530-9404-5574A0AF218F}.Release|Any CPU.ActiveCfg = Release|Any CPU
		{4A181F5B-6D7A-4530-9404-5574A0AF218F}.Release|Any CPU.Build.0 = Release|Any CPU
		{B1E9C160-1976-47C1-947B-45D197444D3A}.Debug|Any CPU.ActiveCfg = Debug|Any CPU
		{B1E9C160-1976-47C1-947B-45D197444D3A}.Debug|Any CPU.Build.0 = Debug|Any CPU
		{B1E9C160-1976-47C1-947B-45D197444D3A}.Release|Any CPU.ActiveCfg = Release|Any CPU
		{B1E9C160-1976-47C1-947B-45D197444D3A}.Release|Any CPU.Build.0 = Release|Any CPU
		{0292A1BD-5D8C-41DC-A367-FF7F747BD8A0}.Debug|Any CPU.ActiveCfg = Debug|Any CPU
		{0292A1BD-5D8C-41DC-A367-FF7F747BD8A0}.Debug|Any CPU.Build.0 = Debug|Any CPU
		{0292A1BD-5D8C-41DC-A367-FF7F747BD8A0}.Release|Any CPU.ActiveCfg = Release|Any CPU
		{0292A1BD-5D8C-41DC-A367-FF7F747BD8A0}.Release|Any CPU.Build.0 = Release|Any CPU
		{87E2C8A3-A355-45FA-A8C6-B2E38EE16C02}.Debug|Any CPU.ActiveCfg = Debug|Any CPU
		{87E2C8A3-A355-45FA-A8C6-B2E38EE16C02}.Debug|Any CPU.Build.0 = Debug|Any CPU
		{87E2C8A3-A355-45FA-A8C6-B2E38EE16C02}.Release|Any CPU.ActiveCfg = Release|Any CPU
		{87E2C8A3-A355-45FA-A8C6-B2E38EE16C02}.Release|Any CPU.Build.0 = Release|Any CPU
		{483D2052-B06D-44FE-98F0-4CC7C767B132}.Debug|Any CPU.ActiveCfg = Debug|Any CPU
		{483D2052-B06D-44FE-98F0-4CC7C767B132}.Debug|Any CPU.Build.0 = Debug|Any CPU
		{483D2052-B06D-44FE-98F0-4CC7C767B132}.Release|Any CPU.ActiveCfg = Release|Any CPU
		{483D2052-B06D-44FE-98F0-4CC7C767B132}.Release|Any CPU.Build.0 = Release|Any CPU
		{A861D131-B6AF-496D-9545-DB561E276E59}.Debug|Any CPU.ActiveCfg = Debug|Any CPU
		{A861D131-B6AF-496D-9545-DB561E276E59}.Debug|Any CPU.Build.0 = Debug|Any CPU
		{A861D131-B6AF-496D-9545-DB561E276E59}.Release|Any CPU.ActiveCfg = Release|Any CPU
		{A861D131-B6AF-496D-9545-DB561E276E59}.Release|Any CPU.Build.0 = Release|Any CPU
		{B1A0D94B-3373-4883-BA19-1208E4924988}.Debug|Any CPU.ActiveCfg = Debug|Any CPU
		{B1A0D94B-3373-4883-BA19-1208E4924988}.Debug|Any CPU.Build.0 = Debug|Any CPU
		{B1A0D94B-3373-4883-BA19-1208E4924988}.Release|Any CPU.ActiveCfg = Release|Any CPU
		{B1A0D94B-3373-4883-BA19-1208E4924988}.Release|Any CPU.Build.0 = Release|Any CPU
	EndGlobalSection
	GlobalSection(SolutionProperties) = preSolution
		HideSolutionNode = FALSE
	EndGlobalSection
	GlobalSection(ExtensibilityGlobals) = postSolution
		SolutionGuid = {D57A4732-6972-4BB5-846D-D36C7633A2BB}
	EndGlobalSection
EndGlobal
